# THIS IS AN AUTOGENERATED FILE. DO NOT EDIT THIS FILE DIRECTLY.
# yarn lockfile v1


fecha@^2.3.0:
  version "2.3.0"
  resolved "https://registry.yarnpkg.com/fecha/-/fecha-2.3.0.tgz#791efb33d63b89b7aa8eccc28e59593db2ead700"

string-mask@^0.3.0:
  version "0.3.0"
  resolved "http://registry.npmjs.org/string-mask/-/string-mask-0.3.0.tgz#9e7244b87bb2f6f9647e2ac98f96fa1a57c21198"
